
Microsoft Visual Studio Solution File, Format Version 12.00
# Visual Studio Version 17
VisualStudioVersion = 17.7.34031.279
MinimumVisualStudioVersion = 10.0.40219.1
Project("{FAE04EC0-301F-11D3-BF4B-00C04F79EFBC}") = "cuoiki", "cuoiki.csproj", "{0989AEFB-1DCB-40F3-9C98-C055A96676B5}"
EndProject
Global
	GlobalSection(SolutionConfigurationPlatforms) = preSolution
		Debug|Any CPU = Debug|Any CPU
		Release|Any CPU = Release|Any CPU
	EndGlobalSection
	GlobalSection(ProjectConfigurationPlatforms) = postSolution
		{0989AEFB-1DCB-40F3-9C98-C055A96676B5}.Debug|Any CPU.ActiveCfg = Debug|Any CPU
		{0989AEFB-1DCB-40F3-9C98-C055A96676B5}.Debug|Any CPU.Build.0 = Debug|Any CPU
		{0989AEFB-1DCB-40F3-9C98-C055A96676B5}.Release|Any CPU.ActiveCfg = Release|Any CPU
		{0989AEFB-1DCB-40F3-9C98-C055A96676B5}.Release|Any CPU.Build.0 = Release|Any CPU
	EndGlobalSection
	GlobalSection(SolutionProperties) = preSolution
		HideSolutionNode = FALSE
	EndGlobalSection
	GlobalSection(ExtensibilityGlobals) = postSolution
		SolutionGuid = {8B56BA92-DAF8-4038-AB03-9F396259E5A6}
	EndGlobalSection
EndGlobal
